// !$*UTF8*$!
{
	archiveVersion = 1;
	classes = {
	};
	objectVersion = 56;
	objects = {

/* Begin PBXBuildFile section */
		AE9DD3F59460615779971F25 /* libPods-Look At the World.a in Frameworks */ = {isa = PBXBuildFile; fileRef = A7141B4A1EE94765282E4B8D /* libPods-Look At the World.a */; };
		F2557AA82D772AF40033AEC2 /* AppDelegate.m in Sources */ = {isa = PBXBuildFile; fileRef = F2557AA72D772AF40033AEC2 /* AppDelegate.m */; };
		F2557AAB2D772AF40033AEC2 /* SceneDelegate.m in Sources */ = {isa = PBXBuildFile; fileRef = F2557AAA2D772AF40033AEC2 /* SceneDelegate.m */; };
		F2557AAE2D772AF40033AEC2 /* ViewController.m in Sources */ = {isa = PBXBuildFile; fileRef = F2557AAD2D772AF40033AEC2 /* ViewController.m */; };
		F2557AB12D772AF40033AEC2 /* Base in Resources */ = {isa = PBXBuildFile; fileRef = F2557AB02D772AF40033AEC2 /* Base */; };
		F2557AB32D772AF60033AEC2 /* Assets.xcassets in Resources */ = {isa = PBXBuildFile; fileRef = F2557AB22D772AF60033AEC2 /* Assets.xcassets */; };
		F2557AB62D772AF60033AEC2 /* Base in Resources */ = {isa = PBXBuildFile; fileRef = F2557AB52D772AF60033AEC2 /* Base */; };
		F2557AB92D772AF60033AEC2 /* main.m in Sources */ = {isa = PBXBuildFile; fileRef = F2557AB82D772AF60033AEC2 /* main.m */; };
		F2557AC32D772AF60033AEC2 /* Look_At_the_WorldTests.m in Sources */ = {isa = PBXBuildFile; fileRef = F2557AC22D772AF60033AEC2 /* Look_At_the_WorldTests.m */; };
		F2557ACD2D772AF60033AEC2 /* Look_At_the_WorldUITests.m in Sources */ = {isa = PBXBuildFile; fileRef = F2557ACC2D772AF60033AEC2 /* Look_At_the_WorldUITests.m */; };
		F2557ACF2D772AF60033AEC2 /* Look_At_the_WorldUITestsLaunchTests.m in Sources */ = {isa = PBXBuildFile; fileRef = F2557ACE2D772AF60033AEC2 /* Look_At_the_WorldUITestsLaunchTests.m */; };
		F2557ADD2D772BDF0033AEC2 /* SightsViewController.m in Sources */ = {isa = PBXBuildFile; fileRef = F2557ADC2D772BDF0033AEC2 /* SightsViewController.m */; };
		F2557AE12D772D200033AEC2 /* SightsModel.m in Sources */ = {isa = PBXBuildFile; fileRef = F2557AE02D772D200033AEC2 /* SightsModel.m */; };
		F2557AE42D772D2B0033AEC2 /* SightsView.m in Sources */ = {isa = PBXBuildFile; fileRef = F2557AE32D772D2B0033AEC2 /* SightsView.m */; };
		F2557AE72D772FDB0033AEC2 /* FoodsViewController.m in Sources */ = {isa = PBXBuildFile; fileRef = F2557AE62D772FDB0033AEC2 /* FoodsViewController.m */; };
		F2557AEB2D7730E10033AEC2 /* TabBarViewController.m in Sources */ = {isa = PBXBuildFile; fileRef = F2557AEA2D7730E10033AEC2 /* TabBarViewController.m */; };
		F2557AEE2D77343F0033AEC2 /* 风景.jpg in Resources */ = {isa = PBXBuildFile; fileRef = F2557AED2D77343F0033AEC2 /* 风景.jpg */; };
		F2557AF02D7734480033AEC2 /* 美食.jpg in Resources */ = {isa = PBXBuildFile; fileRef = F2557AEF2D7734480033AEC2 /* 美食.jpg */; };
		F2557AF42D7734570033AEC2 /* 历史.jpg in Resources */ = {isa = PBXBuildFile; fileRef = F2557AF32D7734570033AEC2 /* 历史.jpg */; };
		F2557AF72D7735E80033AEC2 /* BooksViewController.m in Sources */ = {isa = PBXBuildFile; fileRef = F2557AF62D7735E80033AEC2 /* BooksViewController.m */; };
		F2557AFA2D7735F10033AEC2 /* HistoryViewController.m in Sources */ = {isa = PBXBuildFile; fileRef = F2557AF92D7735F10033AEC2 /* HistoryViewController.m */; };
		F2557AFC2D773E6F0033AEC2 /* 书籍.jpg in Resources */ = {isa = PBXBuildFile; fileRef = F2557AFB2D773E6F0033AEC2 /* 书籍.jpg */; };
		F2557AFE2D77420F0033AEC2 /* 字小魂菱方体(商用需授权).ttf in Resources */ = {isa = PBXBuildFile; fileRef = F2557AFD2D77420F0033AEC2 /* 字小魂菱方体(商用需授权).ttf */; };
		F2557B032D7879E80033AEC2 /* ScrollTableViewCell.m in Sources */ = {isa = PBXBuildFile; fileRef = F2557B022D7879E80033AEC2 /* ScrollTableViewCell.m */; };
		F2557B062D7879F40033AEC2 /* ButtonTableViewCell.m in Sources */ = {isa = PBXBuildFile; fileRef = F2557B052D7879F40033AEC2 /* ButtonTableViewCell.m */; };
		F2557B092D787A050033AEC2 /* ListTableViewCell.m in Sources */ = {isa = PBXBuildFile; fileRef = F2557B082D787A050033AEC2 /* ListTableViewCell.m */; };
		F2557B0B2D788F700033AEC2 /* 北京.jpg in Resources */ = {isa = PBXBuildFile; fileRef = F2557B0A2D788F700033AEC2 /* 北京.jpg */; };
		F2557B0D2D788F9C0033AEC2 /* 西安.jpg in Resources */ = {isa = PBXBuildFile; fileRef = F2557B0C2D788F9C0033AEC2 /* 西安.jpg */; };
		F2557B0F2D788FAA0033AEC2 /* 甘肃.jpg in Resources */ = {isa = PBXBuildFile; fileRef = F2557B0E2D788FAA0033AEC2 /* 甘肃.jpg */; };
		F2557B112D788FB10033AEC2 /* 内蒙古.jpg in Resources */ = {isa = PBXBuildFile; fileRef = F2557B102D788FB10033AEC2 /* 内蒙古.jpg */; };
		F2557B132D788FB70033AEC2 /* 杭州.jpg in Resources */ = {isa = PBXBuildFile; fileRef = F2557B122D788FB60033AEC2 /* 杭州.jpg */; };
		F2557B162D788FDF0033AEC2 /* 西藏.jpg in Resources */ = {isa = PBXBuildFile; fileRef = F2557B142D788FDF0033AEC2 /* 西藏.jpg */; };
		F2557B172D788FDF0033AEC2 /* 哈尔滨.jpg in Resources */ = {isa = PBXBuildFile; fileRef = F2557B152D788FDF0033AEC2 /* 哈尔滨.jpg */; };
		F2557B192D7890180033AEC2 /* 香港.jpg in Resources */ = {isa = PBXBuildFile; fileRef = F2557B182D7890180033AEC2 /* 香港.jpg */; };
		F2557B1B2D79985F0033AEC2 /* 字魂古藤手书(商用需授权).ttf in Resources */ = {isa = PBXBuildFile; fileRef = F2557B1A2D7997E70033AEC2 /* 字魂古藤手书(商用需授权).ttf */; };
		F2557B1D2D79B0B20033AEC2 /* 头像.jpg in Resources */ = {isa = PBXBuildFile; fileRef = F2557B1C2D79B0B20033AEC2 /* 头像.jpg */; };
		F2557B632D7DC9720033AEC2 /* 北京按钮.jpg in Resources */ = {isa = PBXBuildFile; fileRef = F2557B622D7DC9720033AEC2 /* 北京按钮.jpg */; };
		F2557B6B2D7DC97E0033AEC2 /* 深圳按钮.jpg in Resources */ = {isa = PBXBuildFile; fileRef = F2557B642D7DC97E0033AEC2 /* 深圳按钮.jpg */; };
		F2557B6C2D7DC97E0033AEC2 /* 桂林按钮.jpg in Resources */ = {isa = PBXBuildFile; fileRef = F2557B652D7DC97E0033AEC2 /* 桂林按钮.jpg */; };
		F2557B6D2D7DC97E0033AEC2 /* 成都按钮.jpg in Resources */ = {isa = PBXBuildFile; fileRef = F2557B662D7DC97E0033AEC2 /* 成都按钮.jpg */; };
		F2557B6E2D7DC97E0033AEC2 /* 大理按钮.jpg in Resources */ = {isa = PBXBuildFile; fileRef = F2557B672D7DC97E0033AEC2 /* 大理按钮.jpg */; };
		F2557B6F2D7DC97E0033AEC2 /* 三亚按钮.jpg in Resources */ = {isa = PBXBuildFile; fileRef = F2557B682D7DC97E0033AEC2 /* 三亚按钮.jpg */; };
		F2557B702D7DC97E0033AEC2 /* 大连按钮.jpg in Resources */ = {isa = PBXBuildFile; fileRef = F2557B692D7DC97E0033AEC2 /* 大连按钮.jpg */; };
		F2557B712D7DC97E0033AEC2 /* 杭州按钮.jpg in Resources */ = {isa = PBXBuildFile; fileRef = F2557B6A2D7DC97E0033AEC2 /* 杭州按钮.jpg */; };
/* End PBXBuildFile section */

/* Begin PBXContainerItemProxy section */
		F2557ABF2D772AF60033AEC2 /* PBXContainerItemProxy */ = {
			isa = PBXContainerItemProxy;
			containerPortal = F2557A9B2D772AF40033AEC2 /* Project object */;
			proxyType = 1;
			remoteGlobalIDString = F2557AA22D772AF40033AEC2;
			remoteInfo = "Look At the World";
		};
		F2557AC92D772AF60033AEC2 /* PBXContainerItemProxy */ = {
			isa = PBXContainerItemProxy;
			containerPortal = F2557A9B2D772AF40033AEC2 /* Project object */;
			proxyType = 1;
			remoteGlobalIDString = F2557AA22D772AF40033AEC2;
			remoteInfo = "Look At the World";
		};
/* End PBXContainerItemProxy section */

/* Begin PBXFileReference section */
		5362EAF8F97A8D7B09AEA6BC /* Pods-Look At the World.debug.xcconfig */ = {isa = PBXFileReference; includeInIndex = 1; lastKnownFileType = text.xcconfig; name = "Pods-Look At the World.debug.xcconfig"; path = "Target Support Files/Pods-Look At the World/Pods-Look At the World.debug.xcconfig"; sourceTree = "<group>"; };
		A7141B4A1EE94765282E4B8D /* libPods-Look At the World.a */ = {isa = PBXFileReference; explicitFileType = archive.ar; includeInIndex = 0; path = "libPods-Look At the World.a"; sourceTree = BUILT_PRODUCTS_DIR; };
		C65E75971F4B8AF96D0DDB83 /* Pods-Look At the World.release.xcconfig */ = {isa = PBXFileReference; includeInIndex = 1; lastKnownFileType = text.xcconfig; name = "Pods-Look At the World.release.xcconfig"; path = "Target Support Files/Pods-Look At the World/Pods-Look At the World.release.xcconfig"; sourceTree = "<group>"; };
		F2557AA32D772AF40033AEC2 /* Look At the World.app */ = {isa = PBXFileReference; explicitFileType = wrapper.application; includeInIndex = 0; path = "Look At the World.app"; sourceTree = BUILT_PRODUCTS_DIR; };
		F2557AA62D772AF40033AEC2 /* AppDelegate.h */ = {isa = PBXFileReference; lastKnownFileType = sourcecode.c.h; path = AppDelegate.h; sourceTree = "<group>"; };
		F2557AA72D772AF40033AEC2 /* AppDelegate.m */ = {isa = PBXFileReference; lastKnownFileType = sourcecode.c.objc; path = AppDelegate.m; sourceTree = "<group>"; };
		F2557AA92D772AF40033AEC2 /* SceneDelegate.h */ = {isa = PBXFileReference; lastKnownFileType = sourcecode.c.h; path = SceneDelegate.h; sourceTree = "<group>"; };
		F2557AAA2D772AF40033AEC2 /* SceneDelegate.m */ = {isa = PBXFileReference; lastKnownFileType = sourcecode.c.objc; path = SceneDelegate.m; sourceTree = "<group>"; };
		F2557AAC2D772AF40033AEC2 /* ViewController.h */ = {isa = PBXFileReference; lastKnownFileType = sourcecode.c.h; path = ViewController.h; sourceTree = "<group>"; };
		F2557AAD2D772AF40033AEC2 /* ViewController.m */ = {isa = PBXFileReference; lastKnownFileType = sourcecode.c.objc; path = ViewController.m; sourceTree = "<group>"; };
		F2557AB02D772AF40033AEC2 /* Base */ = {isa = PBXFileReference; lastKnownFileType = file.storyboard; name = Base; path = Base.lproj/Main.storyboard; sourceTree = "<group>"; };
		F2557AB22D772AF60033AEC2 /* Assets.xcassets */ = {isa = PBXFileReference; lastKnownFileType = folder.assetcatalog; path = Assets.xcassets; sourceTree = "<group>"; };
		F2557AB52D772AF60033AEC2 /* Base */ = {isa = PBXFileReference; lastKnownFileType = file.storyboard; name = Base; path = Base.lproj/LaunchScreen.storyboard; sourceTree = "<group>"; };
		F2557AB72D772AF60033AEC2 /* Info.plist */ = {isa = PBXFileReference; lastKnownFileType = text.plist.xml; path = Info.plist; sourceTree = "<group>"; };
		F2557AB82D772AF60033AEC2 /* main.m */ = {isa = PBXFileReference; lastKnownFileType = sourcecode.c.objc; path = main.m; sourceTree = "<group>"; };
		F2557ABE2D772AF60033AEC2 /* Look At the WorldTests.xctest */ = {isa = PBXFileReference; explicitFileType = wrapper.cfbundle; includeInIndex = 0; path = "Look At the WorldTests.xctest"; sourceTree = BUILT_PRODUCTS_DIR; };
		F2557AC22D772AF60033AEC2 /* Look_At_the_WorldTests.m */ = {isa = PBXFileReference; lastKnownFileType = sourcecode.c.objc; path = Look_At_the_WorldTests.m; sourceTree = "<group>"; };
		F2557AC82D772AF60033AEC2 /* Look At the WorldUITests.xctest */ = {isa = PBXFileReference; explicitFileType = wrapper.cfbundle; includeInIndex = 0; path = "Look At the WorldUITests.xctest"; sourceTree = BUILT_PRODUCTS_DIR; };
		F2557ACC2D772AF60033AEC2 /* Look_At_the_WorldUITests.m */ = {isa = PBXFileReference; lastKnownFileType = sourcecode.c.objc; path = Look_At_the_WorldUITests.m; sourceTree = "<group>"; };
		F2557ACE2D772AF60033AEC2 /* Look_At_the_WorldUITestsLaunchTests.m */ = {isa = PBXFileReference; lastKnownFileType = sourcecode.c.objc; path = Look_At_the_WorldUITestsLaunchTests.m; sourceTree = "<group>"; };
		F2557ADB2D772BDF0033AEC2 /* SightsViewController.h */ = {isa = PBXFileReference; lastKnownFileType = sourcecode.c.h; path = SightsViewController.h; sourceTree = "<group>"; };
		F2557ADC2D772BDF0033AEC2 /* SightsViewController.m */ = {isa = PBXFileReference; lastKnownFileType = sourcecode.c.objc; path = SightsViewController.m; sourceTree = "<group>"; };
		F2557ADF2D772D200033AEC2 /* SightsModel.h */ = {isa = PBXFileReference; lastKnownFileType = sourcecode.c.h; path = SightsModel.h; sourceTree = "<group>"; };
		F2557AE02D772D200033AEC2 /* SightsModel.m */ = {isa = PBXFileReference; lastKnownFileType = sourcecode.c.objc; path = SightsModel.m; sourceTree = "<group>"; };
		F2557AE22D772D2B0033AEC2 /* SightsView.h */ = {isa = PBXFileReference; lastKnownFileType = sourcecode.c.h; path = SightsView.h; sourceTree = "<group>"; };
		F2557AE32D772D2B0033AEC2 /* SightsView.m */ = {isa = PBXFileReference; lastKnownFileType = sourcecode.c.objc; path = SightsView.m; sourceTree = "<group>"; };
		F2557AE52D772FDB0033AEC2 /* FoodsViewController.h */ = {isa = PBXFileReference; lastKnownFileType = sourcecode.c.h; path = FoodsViewController.h; sourceTree = "<group>"; };
		F2557AE62D772FDB0033AEC2 /* FoodsViewController.m */ = {isa = PBXFileReference; lastKnownFileType = sourcecode.c.objc; path = FoodsViewController.m; sourceTree = "<group>"; };
		F2557AE92D7730E10033AEC2 /* TabBarViewController.h */ = {isa = PBXFileReference; lastKnownFileType = sourcecode.c.h; path = TabBarViewController.h; sourceTree = "<group>"; };
		F2557AEA2D7730E10033AEC2 /* TabBarViewController.m */ = {isa = PBXFileReference; lastKnownFileType = sourcecode.c.objc; path = TabBarViewController.m; sourceTree = "<group>"; };
		F2557AED2D77343F0033AEC2 /* 风景.jpg */ = {isa = PBXFileReference; lastKnownFileType = image.jpeg; path = "风景.jpg"; sourceTree = "<group>"; };
		F2557AEF2D7734480033AEC2 /* 美食.jpg */ = {isa = PBXFileReference; lastKnownFileType = image.jpeg; path = "美食.jpg"; sourceTree = "<group>"; };
		F2557AF32D7734570033AEC2 /* 历史.jpg */ = {isa = PBXFileReference; lastKnownFileType = image.jpeg; path = "历史.jpg"; sourceTree = "<group>"; };
		F2557AF52D7735E80033AEC2 /* BooksViewController.h */ = {isa = PBXFileReference; lastKnownFileType = sourcecode.c.h; path = BooksViewController.h; sourceTree = "<group>"; };
		F2557AF62D7735E80033AEC2 /* BooksViewController.m */ = {isa = PBXFileReference; lastKnownFileType = sourcecode.c.objc; path = BooksViewController.m; sourceTree = "<group>"; };
		F2557AF82D7735F10033AEC2 /* HistoryViewController.h */ = {isa = PBXFileReference; lastKnownFileType = sourcecode.c.h; path = HistoryViewController.h; sourceTree = "<group>"; };
		F2557AF92D7735F10033AEC2 /* HistoryViewController.m */ = {isa = PBXFileReference; lastKnownFileType = sourcecode.c.objc; path = HistoryViewController.m; sourceTree = "<group>"; };
		F2557AFB2D773E6F0033AEC2 /* 书籍.jpg */ = {isa = PBXFileReference; lastKnownFileType = image.jpeg; path = "书籍.jpg"; sourceTree = "<group>"; };
		F2557AFD2D77420F0033AEC2 /* 字小魂菱方体(商用需授权).ttf */ = {isa = PBXFileReference; lastKnownFileType = file; path = "字小魂菱方体(商用需授权).ttf"; sourceTree = "<group>"; };
		F2557B012D7879E80033AEC2 /* ScrollTableViewCell.h */ = {isa = PBXFileReference; lastKnownFileType = sourcecode.c.h; path = ScrollTableViewCell.h; sourceTree = "<group>"; };
		F2557B022D7879E80033AEC2 /* ScrollTableViewCell.m */ = {isa = PBXFileReference; lastKnownFileType = sourcecode.c.objc; path = ScrollTableViewCell.m; sourceTree = "<group>"; };
		F2557B042D7879F40033AEC2 /* ButtonTableViewCell.h */ = {isa = PBXFileReference; lastKnownFileType = sourcecode.c.h; path = ButtonTableViewCell.h; sourceTree = "<group>"; };
		F2557B052D7879F40033AEC2 /* ButtonTableViewCell.m */ = {isa = PBXFileReference; lastKnownFileType = sourcecode.c.objc; path = ButtonTableViewCell.m; sourceTree = "<group>"; };
		F2557B072D787A050033AEC2 /* ListTableViewCell.h */ = {isa = PBXFileReference; lastKnownFileType = sourcecode.c.h; path = ListTableViewCell.h; sourceTree = "<group>"; };
		F2557B082D787A050033AEC2 /* ListTableViewCell.m */ = {isa = PBXFileReference; lastKnownFileType = sourcecode.c.objc; path = ListTableViewCell.m; sourceTree = "<group>"; };
		F2557B0A2D788F700033AEC2 /* 北京.jpg */ = {isa = PBXFileReference; lastKnownFileType = image.jpeg; path = "北京.jpg"; sourceTree = "<group>"; };
		F2557B0C2D788F9C0033AEC2 /* 西安.jpg */ = {isa = PBXFileReference; lastKnownFileType = image.jpeg; path = "西安.jpg"; sourceTree = "<group>"; };
		F2557B0E2D788FAA0033AEC2 /* 甘肃.jpg */ = {isa = PBXFileReference; lastKnownFileType = image.jpeg; path = "甘肃.jpg"; sourceTree = "<group>"; };
		F2557B102D788FB10033AEC2 /* 内蒙古.jpg */ = {isa = PBXFileReference; lastKnownFileType = image.jpeg; path = "内蒙古.jpg"; sourceTree = "<group>"; };
		F2557B122D788FB60033AEC2 /* 杭州.jpg */ = {isa = PBXFileReference; lastKnownFileType = image.jpeg; path = "杭州.jpg"; sourceTree = "<group>"; };
		F2557B142D788FDF0033AEC2 /* 西藏.jpg */ = {isa = PBXFileReference; lastKnownFileType = image.jpeg; path = "西藏.jpg"; sourceTree = "<group>"; };
		F2557B152D788FDF0033AEC2 /* 哈尔滨.jpg */ = {isa = PBXFileReference; lastKnownFileType = image.jpeg; path = "哈尔滨.jpg"; sourceTree = "<group>"; };
		F2557B182D7890180033AEC2 /* 香港.jpg */ = {isa = PBXFileReference; lastKnownFileType = image.jpeg; path = "香港.jpg"; sourceTree = "<group>"; };
		F2557B1A2D7997E70033AEC2 /* 字魂古藤手书(商用需授权).ttf */ = {isa = PBXFileReference; lastKnownFileType = file; path = "字魂古藤手书(商用需授权).ttf"; sourceTree = "<group>"; };
		F2557B1C2D79B0B20033AEC2 /* 头像.jpg */ = {isa = PBXFileReference; lastKnownFileType = image.jpeg; path = "头像.jpg"; sourceTree = "<group>"; };
		F2557B622D7DC9720033AEC2 /* 北京按钮.jpg */ = {isa = PBXFileReference; lastKnownFileType = image.jpeg; path = "北京按钮.jpg"; sourceTree = "<group>"; };
		F2557B642D7DC97E0033AEC2 /* 深圳按钮.jpg */ = {isa = PBXFileReference; lastKnownFileType = image.jpeg; path = "深圳按钮.jpg"; sourceTree = "<group>"; };
		F2557B652D7DC97E0033AEC2 /* 桂林按钮.jpg */ = {isa = PBXFileReference; lastKnownFileType = image.jpeg; path = "桂林按钮.jpg"; sourceTree = "<group>"; };
		F2557B662D7DC97E0033AEC2 /* 成都按钮.jpg */ = {isa = PBXFileReference; lastKnownFileType = image.jpeg; path = "成都按钮.jpg"; sourceTree = "<group>"; };
		F2557B672D7DC97E0033AEC2 /* 大理按钮.jpg */ = {isa = PBXFileReference; lastKnownFileType = image.jpeg; path = "大理按钮.jpg"; sourceTree = "<group>"; };
		F2557B682D7DC97E0033AEC2 /* 三亚按钮.jpg */ = {isa = PBXFileReference; lastKnownFileType = image.jpeg; path = "三亚按钮.jpg"; sourceTree = "<group>"; };
		F2557B692D7DC97E0033AEC2 /* 大连按钮.jpg */ = {isa = PBXFileReference; lastKnownFileType = image.jpeg; path = "大连按钮.jpg"; sourceTree = "<group>"; };
		F2557B6A2D7DC97E0033AEC2 /* 杭州按钮.jpg */ = {isa = PBXFileReference; lastKnownFileType = image.jpeg; path = "杭州按钮.jpg"; sourceTree = "<group>"; };
/* End PBXFileReference section */

/* Begin PBXFrameworksBuildPhase section */
		F2557AA02D772AF40033AEC2 /* Frameworks */ = {
			isa = PBXFrameworksBuildPhase;
			buildActionMask = 2147483647;
			files = (
				AE9DD3F59460615779971F25 /* libPods-Look At the World.a in Frameworks */,
			);
			runOnlyForDeploymentPostprocessing = 0;
		};
		F2557ABB2D772AF60033AEC2 /* Frameworks */ = {
			isa = PBXFrameworksBuildPhase;
			buildActionMask = 2147483647;
			files = (
			);
			runOnlyForDeploymentPostprocessing = 0;
		};
		F2557AC52D772AF60033AEC2 /* Frameworks */ = {
			isa = PBXFrameworksBuildPhase;
			buildActionMask = 2147483647;
			files = (
			);
			runOnlyForDeploymentPostprocessing = 0;
		};
/* End PBXFrameworksBuildPhase section */

/* Begin PBXGroup section */
		7D71D5C6EAA3C8E8D684687E /* Pods */ = {
			isa = PBXGroup;
			children = (
				5362EAF8F97A8D7B09AEA6BC /* Pods-Look At the World.debug.xcconfig */,
				C65E75971F4B8AF96D0DDB83 /* Pods-Look At the World.release.xcconfig */,
			);
			path = Pods;
			sourceTree = "<group>";
		};
		ADC602A8209A9FE82F9A6A90 /* Frameworks */ = {
			isa = PBXGroup;
			children = (
				A7141B4A1EE94765282E4B8D /* libPods-Look At the World.a */,
			);
			name = Frameworks;
			sourceTree = "<group>";
		};
		F2557A9A2D772AF40033AEC2 = {
			isa = PBXGroup;
			children = (
				F2557AA52D772AF40033AEC2 /* Look At the World */,
				F2557AC12D772AF60033AEC2 /* Look At the WorldTests */,
				F2557ACB2D772AF60033AEC2 /* Look At the WorldUITests */,
				F2557AA42D772AF40033AEC2 /* Products */,
				7D71D5C6EAA3C8E8D684687E /* Pods */,
				ADC602A8209A9FE82F9A6A90 /* Frameworks */,
			);
			sourceTree = "<group>";
		};
		F2557AA42D772AF40033AEC2 /* Products */ = {
			isa = PBXGroup;
			children = (
				F2557AA32D772AF40033AEC2 /* Look At the World.app */,
				F2557ABE2D772AF60033AEC2 /* Look At the WorldTests.xctest */,
				F2557AC82D772AF60033AEC2 /* Look At the WorldUITests.xctest */,
			);
			name = Products;
			sourceTree = "<group>";
		};
		F2557AA52D772AF40033AEC2 /* Look At the World */ = {
			isa = PBXGroup;
			children = (
				F2557AA62D772AF40033AEC2 /* AppDelegate.h */,
				F2557AA72D772AF40033AEC2 /* AppDelegate.m */,
				F2557AA92D772AF40033AEC2 /* SceneDelegate.h */,
				F2557AAA2D772AF40033AEC2 /* SceneDelegate.m */,
				F2557AAC2D772AF40033AEC2 /* ViewController.h */,
				F2557AAD2D772AF40033AEC2 /* ViewController.m */,
				F2557AFD2D77420F0033AEC2 /* 字小魂菱方体(商用需授权).ttf */,
				F2557B1A2D7997E70033AEC2 /* 字魂古藤手书(商用需授权).ttf */,
				F2557AEC2D77342D0033AEC2 /* 图片 */,
				F2557AE92D7730E10033AEC2 /* TabBarViewController.h */,
				F2557AEA2D7730E10033AEC2 /* TabBarViewController.m */,
				F2557AF52D7735E80033AEC2 /* BooksViewController.h */,
				F2557AF62D7735E80033AEC2 /* BooksViewController.m */,
				F2557AF82D7735F10033AEC2 /* HistoryViewController.h */,
				F2557AF92D7735F10033AEC2 /* HistoryViewController.m */,
				F2557AE82D772FE50033AEC2 /* Foods */,
				F2557ADE2D772CFA0033AEC2 /* Sights */,
				F2557AAF2D772AF40033AEC2 /* Main.storyboard */,
				F2557AB22D772AF60033AEC2 /* Assets.xcassets */,
				F2557AB42D772AF60033AEC2 /* LaunchScreen.storyboard */,
				F2557AB72D772AF60033AEC2 /* Info.plist */,
				F2557AB82D772AF60033AEC2 /* main.m */,
			);
			path = "Look At the World";
			sourceTree = "<group>";
		};
		F2557AC12D772AF60033AEC2 /* Look At the WorldTests */ = {
			isa = PBXGroup;
			children = (
				F2557AC22D772AF60033AEC2 /* Look_At_the_WorldTests.m */,
			);
			path = "Look At the WorldTests";
			sourceTree = "<group>";
		};
		F2557ACB2D772AF60033AEC2 /* Look At the WorldUITests */ = {
			isa = PBXGroup;
			children = (
				F2557ACC2D772AF60033AEC2 /* Look_At_the_WorldUITests.m */,
				F2557ACE2D772AF60033AEC2 /* Look_At_the_WorldUITestsLaunchTests.m */,
			);
			path = "Look At the WorldUITests";
			sourceTree = "<group>";
		};
		F2557ADE2D772CFA0033AEC2 /* Sights */ = {
			isa = PBXGroup;
			children = (
				F2557ADB2D772BDF0033AEC2 /* SightsViewController.h */,
				F2557ADC2D772BDF0033AEC2 /* SightsViewController.m */,
				F2557B012D7879E80033AEC2 /* ScrollTableViewCell.h */,
				F2557B022D7879E80033AEC2 /* ScrollTableViewCell.m */,
				F2557B042D7879F40033AEC2 /* ButtonTableViewCell.h */,
				F2557B052D7879F40033AEC2 /* ButtonTableViewCell.m */,
				F2557B072D787A050033AEC2 /* ListTableViewCell.h */,
				F2557B082D787A050033AEC2 /* ListTableViewCell.m */,
				F2557ADF2D772D200033AEC2 /* SightsModel.h */,
				F2557AE02D772D200033AEC2 /* SightsModel.m */,
				F2557AE22D772D2B0033AEC2 /* SightsView.h */,
				F2557AE32D772D2B0033AEC2 /* SightsView.m */,
			);
			path = Sights;
			sourceTree = "<group>";
		};
		F2557AE82D772FE50033AEC2 /* Foods */ = {
			isa = PBXGroup;
			children = (
				F2557AE52D772FDB0033AEC2 /* FoodsViewController.h */,
				F2557AE62D772FDB0033AEC2 /* FoodsViewController.m */,
			);
			path = Foods;
			sourceTree = "<group>";
		};
		F2557AEC2D77342D0033AEC2 /* 图片 */ = {
			isa = PBXGroup;
			children = (
				F2557B662D7DC97E0033AEC2 /* 成都按钮.jpg */,
				F2557B672D7DC97E0033AEC2 /* 大理按钮.jpg */,
				F2557B692D7DC97E0033AEC2 /* 大连按钮.jpg */,
				F2557B652D7DC97E0033AEC2 /* 桂林按钮.jpg */,
				F2557B6A2D7DC97E0033AEC2 /* 杭州按钮.jpg */,
				F2557B682D7DC97E0033AEC2 /* 三亚按钮.jpg */,
				F2557B642D7DC97E0033AEC2 /* 深圳按钮.jpg */,
				F2557B622D7DC9720033AEC2 /* 北京按钮.jpg */,
				F2557B1C2D79B0B20033AEC2 /* 头像.jpg */,
				F2557B0A2D788F700033AEC2 /* 北京.jpg */,
				F2557B0C2D788F9C0033AEC2 /* 西安.jpg */,
				F2557B0E2D788FAA0033AEC2 /* 甘肃.jpg */,
				F2557B102D788FB10033AEC2 /* 内蒙古.jpg */,
				F2557B122D788FB60033AEC2 /* 杭州.jpg */,
				F2557B152D788FDF0033AEC2 /* 哈尔滨.jpg */,
				F2557B142D788FDF0033AEC2 /* 西藏.jpg */,
				F2557B182D7890180033AEC2 /* 香港.jpg */,
				F2557AF32D7734570033AEC2 /* 历史.jpg */,
				F2557AFB2D773E6F0033AEC2 /* 书籍.jpg */,
				F2557AEF2D7734480033AEC2 /* 美食.jpg */,
				F2557AED2D77343F0033AEC2 /* 风景.jpg */,
			);
			path = "图片";
			sourceTree = "<group>";
		};
/* End PBXGroup section */

/* Begin PBXNativeTarget section */
		F2557AA22D772AF40033AEC2 /* Look At the World */ = {
			isa = PBXNativeTarget;
			buildConfigurationList = F2557AD22D772AF60033AEC2 /* Build configuration list for PBXNativeTarget "Look At the World" */;
			buildPhases = (
				97B675438AAD30BBAE8EE1BB /* [CP] Check Pods Manifest.lock */,
				F2557A9F2D772AF40033AEC2 /* Sources */,
				F2557AA02D772AF40033AEC2 /* Frameworks */,
				F2557AA12D772AF40033AEC2 /* Resources */,
			);
			buildRules = (
			);
			dependencies = (
			);
			name = "Look At the World";
			productName = "Look At the World";
			productReference = F2557AA32D772AF40033AEC2 /* Look At the World.app */;
			productType = "com.apple.product-type.application";
		};
		F2557ABD2D772AF60033AEC2 /* Look At the WorldTests */ = {
			isa = PBXNativeTarget;
			buildConfigurationList = F2557AD52D772AF60033AEC2 /* Build configuration list for PBXNativeTarget "Look At the WorldTests" */;
			buildPhases = (
				F2557ABA2D772AF60033AEC2 /* Sources */,
				F2557ABB2D772AF60033AEC2 /* Frameworks */,
				F2557ABC2D772AF60033AEC2 /* Resources */,
			);
			buildRules = (
			);
			dependencies = (
				F2557AC02D772AF60033AEC2 /* PBXTargetDependency */,
			);
			name = "Look At the WorldTests";
			productName = "Look At the WorldTests";
			productReference = F2557ABE2D772AF60033AEC2 /* Look At the WorldTests.xctest */;
			productType = "com.apple.product-type.bundle.unit-test";
		};
		F2557AC72D772AF60033AEC2 /* Look At the WorldUITests */ = {
			isa = PBXNativeTarget;
			buildConfigurationList = F2557AD82D772AF60033AEC2 /* Build configuration list for PBXNativeTarget "Look At the WorldUITests" */;
			buildPhases = (
				F2557AC42D772AF60033AEC2 /* Sources */,
				F2557AC52D772AF60033AEC2 /* Frameworks */,
				F2557AC62D772AF60033AEC2 /* Resources */,
			);
			buildRules = (
			);
			dependencies = (
				F2557ACA2D772AF60033AEC2 /* PBXTargetDependency */,
			);
			name = "Look At the WorldUITests";
			productName = "Look At the WorldUITests";
			productReference = F2557AC82D772AF60033AEC2 /* Look At the WorldUITests.xctest */;
			productType = "com.apple.product-type.bundle.ui-testing";
		};
/* End PBXNativeTarget section */

/* Begin PBXProject section */
		F2557A9B2D772AF40033AEC2 /* Project object */ = {
			isa = PBXProject;
			attributes = {
				BuildIndependentTargetsInParallel = 1;
				LastUpgradeCheck = 1530;
				TargetAttributes = {
					F2557AA22D772AF40033AEC2 = {
						CreatedOnToolsVersion = 15.3;
					};
					F2557ABD2D772AF60033AEC2 = {
						CreatedOnToolsVersion = 15.3;
						TestTargetID = F2557AA22D772AF40033AEC2;
					};
					F2557AC72D772AF60033AEC2 = {
						CreatedOnToolsVersion = 15.3;
						TestTargetID = F2557AA22D772AF40033AEC2;
					};
				};
			};
			buildConfigurationList = F2557A9E2D772AF40033AEC2 /* Build configuration list for PBXProject "Look At the World" */;
			compatibilityVersion = "Xcode 14.0";
			developmentRegion = en;
			hasScannedForEncodings = 0;
			knownRegions = (
				en,
				Base,
			);
			mainGroup = F2557A9A2D772AF40033AEC2;
			productRefGroup = F2557AA42D772AF40033AEC2 /* Products */;
			projectDirPath = "";
			projectRoot = "";
			targets = (
				F2557AA22D772AF40033AEC2 /* Look At the World */,
				F2557ABD2D772AF60033AEC2 /* Look At the WorldTests */,
				F2557AC72D772AF60033AEC2 /* Look At the WorldUITests */,
			);
		};
/* End PBXProject section */

/* Begin PBXResourcesBuildPhase section */
		F2557AA12D772AF40033AEC2 /* Resources */ = {
			isa = PBXResourcesBuildPhase;
			buildActionMask = 2147483647;
			files = (
				F2557B132D788FB70033AEC2 /* 杭州.jpg in Resources */,
				F2557B162D788FDF0033AEC2 /* 西藏.jpg in Resources */,
				F2557B112D788FB10033AEC2 /* 内蒙古.jpg in Resources */,
				F2557AF02D7734480033AEC2 /* 美食.jpg in Resources */,
				F2557AF42D7734570033AEC2 /* 历史.jpg in Resources */,
				F2557B712D7DC97E0033AEC2 /* 杭州按钮.jpg in Resources */,
				F2557AB32D772AF60033AEC2 /* Assets.xcassets in Resources */,
				F2557B6B2D7DC97E0033AEC2 /* 深圳按钮.jpg in Resources */,
				F2557B0B2D788F700033AEC2 /* 北京.jpg in Resources */,
				F2557B632D7DC9720033AEC2 /* 北京按钮.jpg in Resources */,
				F2557B6E2D7DC97E0033AEC2 /* 大理按钮.jpg in Resources */,
				F2557B702D7DC97E0033AEC2 /* 大连按钮.jpg in Resources */,
				F2557AB62D772AF60033AEC2 /* Base in Resources */,
				F2557B0D2D788F9C0033AEC2 /* 西安.jpg in Resources */,
				F2557B6C2D7DC97E0033AEC2 /* 桂林按钮.jpg in Resources */,
				F2557B1B2D79985F0033AEC2 /* 字魂古藤手书(商用需授权).ttf in Resources */,
				F2557AFE2D77420F0033AEC2 /* 字小魂菱方体(商用需授权).ttf in Resources */,
				F2557AEE2D77343F0033AEC2 /* 风景.jpg in Resources */,
				F2557B6D2D7DC97E0033AEC2 /* 成都按钮.jpg in Resources */,
				F2557B6F2D7DC97E0033AEC2 /* 三亚按钮.jpg in Resources */,
				F2557AB12D772AF40033AEC2 /* Base in Resources */,
				F2557B1D2D79B0B20033AEC2 /* 头像.jpg in Resources */,
				F2557B172D788FDF0033AEC2 /* 哈尔滨.jpg in Resources */,
				F2557B192D7890180033AEC2 /* 香港.jpg in Resources */,
				F2557B0F2D788FAA0033AEC2 /* 甘肃.jpg in Resources */,
				F2557AFC2D773E6F0033AEC2 /* 书籍.jpg in Resources */,
			);
			runOnlyForDeploymentPostprocessing = 0;
		};
		F2557ABC2D772AF60033AEC2 /* Resources */ = {
			isa = PBXResourcesBuildPhase;
			buildActionMask = 2147483647;
			files = (
			);
			runOnlyForDeploymentPostprocessing = 0;
		};
		F2557AC62D772AF60033AEC2 /* Resources */ = {
			isa = PBXResourcesBuildPhase;
			buildActionMask = 2147483647;
			files = (
			);
			runOnlyForDeploymentPostprocessing = 0;
		};
/* End PBXResourcesBuildPhase section */

/* Begin PBXShellScriptBuildPhase section */
		97B675438AAD30BBAE8EE1BB /* [CP] Check Pods Manifest.lock */ = {
			isa = PBXShellScriptBuildPhase;
			buildActionMask = 2147483647;
			files = (
			);
			inputFileListPaths = (
			);
			inputPaths = (
				"${PODS_PODFILE_DIR_PATH}/Podfile.lock",
				"${PODS_ROOT}/Manifest.lock",
			);
			name = "[CP] Check Pods Manifest.lock";
			outputFileListPaths = (
			);
			outputPaths = (
				"$(DERIVED_FILE_DIR)/Pods-Look At the World-checkManifestLockResult.txt",
			);
			runOnlyForDeploymentPostprocessing = 0;
			shellPath = /bin/sh;
			shellScript = "diff \"${PODS_PODFILE_DIR_PATH}/Podfile.lock\" \"${PODS_ROOT}/Manifest.lock\" > /dev/null\nif [ $? != 0 ] ; then\n    # print error to STDERR\n    echo \"error: The sandbox is not in sync with the Podfile.lock. Run 'pod install' or update your CocoaPods installation.\" >&2\n    exit 1\nfi\n# This output is used by Xcode 'outputs' to avoid re-running this script phase.\necho \"SUCCESS\" > \"${SCRIPT_OUTPUT_FILE_0}\"\n";
			showEnvVarsInLog = 0;
		};
/* End PBXShellScriptBuildPhase section */

/* Begin PBXSourcesBuildPhase section */
		F2557A9F2D772AF40033AEC2 /* Sources */ = {
			isa = PBXSourcesBuildPhase;
			buildActionMask = 2147483647;
			files = (
				F2557B062D7879F40033AEC2 /* ButtonTableViewCell.m in Sources */,
				F2557AE42D772D2B0033AEC2 /* SightsView.m in Sources */,
				F2557AF72D7735E80033AEC2 /* BooksViewController.m in Sources */,
				F2557B032D7879E80033AEC2 /* ScrollTableViewCell.m in Sources */,
				F2557ADD2D772BDF0033AEC2 /* SightsViewController.m in Sources */,
				F2557AE72D772FDB0033AEC2 /* FoodsViewController.m in Sources */,
				F2557AFA2D7735F10033AEC2 /* HistoryViewController.m in Sources */,
				F2557AE12D772D200033AEC2 /* SightsModel.m in Sources */,
				F2557AAE2D772AF40033AEC2 /* ViewController.m in Sources */,
				F2557AA82D772AF40033AEC2 /* AppDelegate.m in Sources */,
				F2557AB92D772AF60033AEC2 /* main.m in Sources */,
				F2557B092D787A050033AEC2 /* ListTableViewCell.m in Sources */,
				F2557AEB2D7730E10033AEC2 /* TabBarViewController.m in Sources */,
				F2557AAB2D772AF40033AEC2 /* SceneDelegate.m in Sources */,
			);
			runOnlyForDeploymentPostprocessing = 0;
		};
		F2557ABA2D772AF60033AEC2 /* Sources */ = {
			isa = PBXSourcesBuildPhase;
			buildActionMask = 2147483647;
			files = (
				F2557AC32D772AF60033AEC2 /* Look_At_the_WorldTests.m in Sources */,
			);
			runOnlyForDeploymentPostprocessing = 0;
		};
		F2557AC42D772AF60033AEC2 /* Sources */ = {
			isa = PBXSourcesBuildPhase;
			buildActionMask = 2147483647;
			files = (
				F2557ACD2D772AF60033AEC2 /* Look_At_the_WorldUITests.m in Sources */,
				F2557ACF2D772AF60033AEC2 /* Look_At_the_WorldUITestsLaunchTests.m in Sources */,
			);
			runOnlyForDeploymentPostprocessing = 0;
		};
/* End PBXSourcesBuildPhase section */

/* Begin PBXTargetDependency section */
		F2557AC02D772AF60033AEC2 /* PBXTargetDependency */ = {
			isa = PBXTargetDependency;
			target = F2557AA22D772AF40033AEC2 /* Look At the World */;
			targetProxy = F2557ABF2D772AF60033AEC2 /* PBXContainerItemProxy */;
		};
		F2557ACA2D772AF60033AEC2 /* PBXTargetDependency */ = {
			isa = PBXTargetDependency;
			target = F2557AA22D772AF40033AEC2 /* Look At the World */;
			targetProxy = F2557AC92D772AF60033AEC2 /* PBXContainerItemProxy */;
		};
/* End PBXTargetDependency section */

/* Begin PBXVariantGroup section */
		F2557AAF2D772AF40033AEC2 /* Main.storyboard */ = {
			isa = PBXVariantGroup;
			children = (
				F2557AB02D772AF40033AEC2 /* Base */,
			);
			name = Main.storyboard;
			sourceTree = "<group>";
		};
		F2557AB42D772AF60033AEC2 /* LaunchScreen.storyboard */ = {
			isa = PBXVariantGroup;
			children = (
				F2557AB52D772AF60033AEC2 /* Base */,
			);
			name = LaunchScreen.storyboard;
			sourceTree = "<group>";
		};
/* End PBXVariantGroup section */

/* Begin XCBuildConfiguration section */
		F2557AD02D772AF60033AEC2 /* Debug */ = {
			isa = XCBuildConfiguration;
			buildSettings = {
				ALWAYS_SEARCH_USER_PATHS = NO;
				ASSETCATALOG_COMPILER_GENERATE_SWIFT_ASSET_SYMBOL_EXTENSIONS = YES;
				CLANG_ANALYZER_NONNULL = YES;
				CLANG_ANALYZER_NUMBER_OBJECT_CONVERSION = YES_AGGRESSIVE;
				CLANG_CXX_LANGUAGE_STANDARD = "gnu++20";
				CLANG_ENABLE_MODULES = YES;
				CLANG_ENABLE_OBJC_ARC = YES;
				CLANG_ENABLE_OBJC_WEAK = YES;
				CLANG_WARN_BLOCK_CAPTURE_AUTORELEASING = YES;
				CLANG_WARN_BOOL_CONVERSION = YES;
				CLANG_WARN_COMMA = YES;
				CLANG_WARN_CONSTANT_CONVERSION = YES;
				CLANG_WARN_DEPRECATED_OBJC_IMPLEMENTATIONS = YES;
				CLANG_WARN_DIRECT_OBJC_ISA_USAGE = YES_ERROR;
				CLANG_WARN_DOCUMENTATION_COMMENTS = YES;
				CLANG_WARN_EMPTY_BODY = YES;
				CLANG_WARN_ENUM_CONVERSION = YES;
				CLANG_WARN_INFINITE_RECURSION = YES;
				CLANG_WARN_INT_CONVERSION = YES;
				CLANG_WARN_NON_LITERAL_NULL_CONVERSION = YES;
				CLANG_WARN_OBJC_IMPLICIT_RETAIN_SELF = YES;
				CLANG_WARN_OBJC_LITERAL_CONVERSION = YES;
				CLANG_WARN_OBJC_ROOT_CLASS = YES_ERROR;
				CLANG_WARN_QUOTED_INCLUDE_IN_FRAMEWORK_HEADER = YES;
				CLANG_WARN_RANGE_LOOP_ANALYSIS = YES;
				CLANG_WARN_STRICT_PROTOTYPES = YES;
				CLANG_WARN_SUSPICIOUS_MOVE = YES;
				CLANG_WARN_UNGUARDED_AVAILABILITY = YES_AGGRESSIVE;
				CLANG_WARN_UNREACHABLE_CODE = YES;
				CLANG_WARN__DUPLICATE_METHOD_MATCH = YES;
				COPY_PHASE_STRIP = NO;
				DEBUG_INFORMATION_FORMAT = dwarf;
				ENABLE_STRICT_OBJC_MSGSEND = YES;
				ENABLE_TESTABILITY = YES;
				ENABLE_USER_SCRIPT_SANDBOXING = YES;
				GCC_C_LANGUAGE_STANDARD = gnu17;
				GCC_DYNAMIC_NO_PIC = NO;
				GCC_NO_COMMON_BLOCKS = YES;
				GCC_OPTIMIZATION_LEVEL = 0;
				GCC_PREPROCESSOR_DEFINITIONS = (
					"DEBUG=1",
					"$(inherited)",
				);
				GCC_WARN_64_TO_32_BIT_CONVERSION = YES;
				GCC_WARN_ABOUT_RETURN_TYPE = YES_ERROR;
				GCC_WARN_UNDECLARED_SELECTOR = YES;
				GCC_WARN_UNINITIALIZED_AUTOS = YES_AGGRESSIVE;
				GCC_WARN_UNUSED_FUNCTION = YES;
				GCC_WARN_UNUSED_VARIABLE = YES;
				IPHONEOS_DEPLOYMENT_TARGET = 17.4;
				LOCALIZATION_PREFERS_STRING_CATALOGS = YES;
				MTL_ENABLE_DEBUG_INFO = INCLUDE_SOURCE;
				MTL_FAST_MATH = YES;
				ONLY_ACTIVE_ARCH = YES;
				SDKROOT = iphoneos;
			};
			name = Debug;
		};
		F2557AD12D772AF60033AEC2 /* Release */ = {
			isa = XCBuildConfiguration;
			buildSettings = {
				ALWAYS_SEARCH_USER_PATHS = NO;
				ASSETCATALOG_COMPILER_GENERATE_SWIFT_ASSET_SYMBOL_EXTENSIONS = YES;
				CLANG_ANALYZER_NONNULL = YES;
				CLANG_ANALYZER_NUMBER_OBJECT_CONVERSION = YES_AGGRESSIVE;
				CLANG_CXX_LANGUAGE_STANDARD = "gnu++20";
				CLANG_ENABLE_MODULES = YES;
				CLANG_ENABLE_OBJC_ARC = YES;
				CLANG_ENABLE_OBJC_WEAK = YES;
				CLANG_WARN_BLOCK_CAPTURE_AUTORELEASING = YES;
				CLANG_WARN_BOOL_CONVERSION = YES;
				CLANG_WARN_COMMA = YES;
				CLANG_WARN_CONSTANT_CONVERSION = YES;
				CLANG_WARN_DEPRECATED_OBJC_IMPLEMENTATIONS = YES;
				CLANG_WARN_DIRECT_OBJC_ISA_USAGE = YES_ERROR;
				CLANG_WARN_DOCUMENTATION_COMMENTS = YES;
				CLANG_WARN_EMPTY_BODY = YES;
				CLANG_WARN_ENUM_CONVERSION = YES;
				CLANG_WARN_INFINITE_RECURSION = YES;
				CLANG_WARN_INT_CONVERSION = YES;
				CLANG_WARN_NON_LITERAL_NULL_CONVERSION = YES;
				CLANG_WARN_OBJC_IMPLICIT_RETAIN_SELF = YES;
				CLANG_WARN_OBJC_LITERAL_CONVERSION = YES;
				CLANG_WARN_OBJC_ROOT_CLASS = YES_ERROR;
				CLANG_WARN_QUOTED_INCLUDE_IN_FRAMEWORK_HEADER = YES;
				CLANG_WARN_RANGE_LOOP_ANALYSIS = YES;
				CLANG_WARN_STRICT_PROTOTYPES = YES;
				CLANG_WARN_SUSPICIOUS_MOVE = YES;
				CLANG_WARN_UNGUARDED_AVAILABILITY = YES_AGGRESSIVE;
				CLANG_WARN_UNREACHABLE_CODE = YES;
				CLANG_WARN__DUPLICATE_METHOD_MATCH = YES;
				COPY_PHASE_STRIP = NO;
				DEBUG_INFORMATION_FORMAT = "dwarf-with-dsym";
				ENABLE_NS_ASSERTIONS = NO;
				ENABLE_STRICT_OBJC_MSGSEND = YES;
				ENABLE_USER_SCRIPT_SANDBOXING = YES;
				GCC_C_LANGUAGE_STANDARD = gnu17;
				GCC_NO_COMMON_BLOCKS = YES;
				GCC_WARN_64_TO_32_BIT_CONVERSION = YES;
				GCC_WARN_ABOUT_RETURN_TYPE = YES_ERROR;
				GCC_WARN_UNDECLARED_SELECTOR = YES;
				GCC_WARN_UNINITIALIZED_AUTOS = YES_AGGRESSIVE;
				GCC_WARN_UNUSED_FUNCTION = YES;
				GCC_WARN_UNUSED_VARIABLE = YES;
				IPHONEOS_DEPLOYMENT_TARGET = 17.4;
				LOCALIZATION_PREFERS_STRING_CATALOGS = YES;
				MTL_ENABLE_DEBUG_INFO = NO;
				MTL_FAST_MATH = YES;
				SDKROOT = iphoneos;
				VALIDATE_PRODUCT = YES;
			};
			name = Release;
		};
		F2557AD32D772AF60033AEC2 /* Debug */ = {
			isa = XCBuildConfiguration;
			baseConfigurationReference = 5362EAF8F97A8D7B09AEA6BC /* Pods-Look At the World.debug.xcconfig */;
			buildSettings = {
				ASSETCATALOG_COMPILER_APPICON_NAME = AppIcon;
				ASSETCATALOG_COMPILER_GLOBAL_ACCENT_COLOR_NAME = AccentColor;
				CODE_SIGN_STYLE = Automatic;
				CURRENT_PROJECT_VERSION = 1;
				GENERATE_INFOPLIST_FILE = YES;
				INFOPLIST_FILE = "Look At the World/Info.plist";
				INFOPLIST_KEY_UIApplicationSupportsIndirectInputEvents = YES;
				INFOPLIST_KEY_UILaunchStoryboardName = LaunchScreen;
				INFOPLIST_KEY_UIMainStoryboardFile = Main;
				INFOPLIST_KEY_UISupportedInterfaceOrientations_iPad = "UIInterfaceOrientationPortrait UIInterfaceOrientationPortraitUpsideDown UIInterfaceOrientationLandscapeLeft UIInterfaceOrientationLandscapeRight";
				INFOPLIST_KEY_UISupportedInterfaceOrientations_iPhone = "UIInterfaceOrientationPortrait UIInterfaceOrientationLandscapeLeft UIInterfaceOrientationLandscapeRight";
				LD_RUNPATH_SEARCH_PATHS = (
					"$(inherited)",
					"@executable_path/Frameworks",
				);
				MARKETING_VERSION = 1.0;
				PRODUCT_BUNDLE_IDENTIFIER = "-23.Look-At-the-World";
				PRODUCT_NAME = "$(TARGET_NAME)";
				SWIFT_EMIT_LOC_STRINGS = YES;
				TARGETED_DEVICE_FAMILY = "1,2";
			};
			name = Debug;
		};
		F2557AD42D772AF60033AEC2 /* Release */ = {
			isa = XCBuildConfiguration;
			baseConfigurationReference = C65E75971F4B8AF96D0DDB83 /* Pods-Look At the World.release.xcconfig */;
			buildSettings = {
				ASSETCATALOG_COMPILER_APPICON_NAME = AppIcon;
				ASSETCATALOG_COMPILER_GLOBAL_ACCENT_COLOR_NAME = AccentColor;
				CODE_SIGN_STYLE = Automatic;
				CURRENT_PROJECT_VERSION = 1;
				GENERATE_INFOPLIST_FILE = YES;
				INFOPLIST_FILE = "Look At the World/Info.plist";
				INFOPLIST_KEY_UIApplicationSupportsIndirectInputEvents = YES;
				INFOPLIST_KEY_UILaunchStoryboardName = LaunchScreen;
				INFOPLIST_KEY_UIMainStoryboardFile = Main;
				INFOPLIST_KEY_UISupportedInterfaceOrientations_iPad = "UIInterfaceOrientationPortrait UIInterfaceOrientationPortraitUpsideDown UIInterfaceOrientationLandscapeLeft UIInterfaceOrientationLandscapeRight";
				INFOPLIST_KEY_UISupportedInterfaceOrientations_iPhone = "UIInterfaceOrientationPortrait UIInterfaceOrientationLandscapeLeft UIInterfaceOrientationLandscapeRight";
				LD_RUNPATH_SEARCH_PATHS = (
					"$(inherited)",
					"@executable_path/Frameworks",
				);
				MARKETING_VERSION = 1.0;
				PRODUCT_BUNDLE_IDENTIFIER = "-23.Look-At-the-World";
				PRODUCT_NAME = "$(TARGET_NAME)";
				SWIFT_EMIT_LOC_STRINGS = YES;
				TARGETED_DEVICE_FAMILY = "1,2";
			};
			name = Release;
		};
		F2557AD62D772AF60033AEC2 /* Debug */ = {
			isa = XCBuildConfiguration;
			buildSettings = {
				BUNDLE_LOADER = "$(TEST_HOST)";
				CODE_SIGN_STYLE = Automatic;
				CURRENT_PROJECT_VERSION = 1;
				GENERATE_INFOPLIST_FILE = YES;
				IPHONEOS_DEPLOYMENT_TARGET = 17.4;
				MARKETING_VERSION = 1.0;
				PRODUCT_BUNDLE_IDENTIFIER = "-23.Look-At-the-WorldTests";
				PRODUCT_NAME = "$(TARGET_NAME)";
				SWIFT_EMIT_LOC_STRINGS = NO;
				TARGETED_DEVICE_FAMILY = "1,2";
				TEST_HOST = "$(BUILT_PRODUCTS_DIR)/Look At the World.app/$(BUNDLE_EXECUTABLE_FOLDER_PATH)/Look At the World";
			};
			name = Debug;
		};
		F2557AD72D772AF60033AEC2 /* Release */ = {
			isa = XCBuildConfiguration;
			buildSettings = {
				BUNDLE_LOADER = "$(TEST_HOST)";
				CODE_SIGN_STYLE = Automatic;
				CURRENT_PROJECT_VERSION = 1;
				GENERATE_INFOPLIST_FILE = YES;
				IPHONEOS_DEPLOYMENT_TARGET = 17.4;
				MARKETING_VERSION = 1.0;
				PRODUCT_BUNDLE_IDENTIFIER = "-23.Look-At-the-WorldTests";
				PRODUCT_NAME = "$(TARGET_NAME)";
				SWIFT_EMIT_LOC_STRINGS = NO;
				TARGETED_DEVICE_FAMILY = "1,2";
				TEST_HOST = "$(BUILT_PRODUCTS_DIR)/Look At the World.app/$(BUNDLE_EXECUTABLE_FOLDER_PATH)/Look At the World";
			};
			name = Release;
		};
		F2557AD92D772AF60033AEC2 /* Debug */ = {
			isa = XCBuildConfiguration;
			buildSettings = {
				CODE_SIGN_STYLE = Automatic;
				CURRENT_PROJECT_VERSION = 1;
				GENERATE_INFOPLIST_FILE = YES;
				MARKETING_VERSION = 1.0;
				PRODUCT_BUNDLE_IDENTIFIER = "-23.Look-At-the-WorldUITests";
				PRODUCT_NAME = "$(TARGET_NAME)";
				SWIFT_EMIT_LOC_STRINGS = NO;
				TARGETED_DEVICE_FAMILY = "1,2";
				TEST_TARGET_NAME = "Look At the World";
			};
			name = Debug;
		};
		F2557ADA2D772AF60033AEC2 /* Release */ = {
			isa = XCBuildConfiguration;
			buildSettings = {
				CODE_SIGN_STYLE = Automatic;
				CURRENT_PROJECT_VERSION = 1;
				GENERATE_INFOPLIST_FILE = YES;
				MARKETING_VERSION = 1.0;
				PRODUCT_BUNDLE_IDENTIFIER = "-23.Look-At-the-WorldUITests";
				PRODUCT_NAME = "$(TARGET_NAME)";
				SWIFT_EMIT_LOC_STRINGS = NO;
				TARGETED_DEVICE_FAMILY = "1,2";
				TEST_TARGET_NAME = "Look At the World";
			};
			name = Release;
		};
/* End XCBuildConfiguration section */

/* Begin XCConfigurationList section */
		F2557A9E2D772AF40033AEC2 /* Build configuration list for PBXProject "Look At the World" */ = {
			isa = XCConfigurationList;
			buildConfigurations = (
				F2557AD02D772AF60033AEC2 /* Debug */,
				F2557AD12D772AF60033AEC2 /* Release */,
			);
			defaultConfigurationIsVisible = 0;
			defaultConfigurationName = Release;
		};
		F2557AD22D772AF60033AEC2 /* Build configuration list for PBXNativeTarget "Look At the World" */ = {
			isa = XCConfigurationList;
			buildConfigurations = (
				F2557AD32D772AF60033AEC2 /* Debug */,
				F2557AD42D772AF60033AEC2 /* Release */,
			);
			defaultConfigurationIsVisible = 0;
			defaultConfigurationName = Release;
		};
		F2557AD52D772AF60033AEC2 /* Build configuration list for PBXNativeTarget "Look At the WorldTests" */ = {
			isa = XCConfigurationList;
			buildConfigurations = (
				F2557AD62D772AF60033AEC2 /* Debug */,
				F2557AD72D772AF60033AEC2 /* Release */,
			);
			defaultConfigurationIsVisible = 0;
			defaultConfigurationName = Release;
		};
		F2557AD82D772AF60033AEC2 /* Build configuration list for PBXNativeTarget "Look At the WorldUITests" */ = {
			isa = XCConfigurationList;
			buildConfigurations = (
				F2557AD92D772AF60033AEC2 /* Debug */,
				F2557ADA2D772AF60033AEC2 /* Release */,
			);
			defaultConfigurationIsVisible = 0;
			defaultConfigurationName = Release;
		};
/* End XCConfigurationList section */
	};
	rootObject = F2557A9B2D772AF40033AEC2 /* Project object */;
}
